
Microsoft Visual Studio Solution File, Format Version 12.00
# Visual Studio Version 17
VisualStudioVersion = 17.5.33627.172
MinimumVisualStudioVersion = 10.0.40219.1
Project("{8BC9CEB8-8B4A-11D0-8D11-00A0C91BC942}") = "ReS_Engine", "ReS_Engine\ReS_Engine.vcxproj", "{8ADC4213-403E-4AB2-8608-C93B605B1A47}"
EndProject
Project("{8BC9CEB8-8B4A-11D0-8D11-00A0C91BC942}") = "MegaMan01", "Project3\MagaMan01.vcxproj", "{89C507D4-4D6F-4574-BB89-AAE5DFE75D0F}"
EndProject
Global
	GlobalSection(SolutionConfigurationPlatforms) = preSolution
		Debug|x64 = Debug|x64
		Debug|x86 = Debug|x86
		Release|x64 = Release|x64
		Release|x86 = Release|x86
	EndGlobalSection
	GlobalSection(ProjectConfigurationPlatforms) = postSolution
		{8ADC4213-403E-4AB2-8608-C93B605B1A47}.Debug|x64.ActiveCfg = Debug|x64
		{8ADC4213-403E-4AB2-8608-C93B605B1A47}.Debug|x64.Build.0 = Debug|x64
		{8ADC4213-403E-4AB2-8608-C93B605B1A47}.Debug|x86.ActiveCfg = Debug|Win32
		{8ADC4213-403E-4AB2-8608-C93B605B1A47}.Debug|x86.Build.0 = Debug|Win32
		{8ADC4213-403E-4AB2-8608-C93B605B1A47}.Release|x64.ActiveCfg = Release|x64
		{8ADC4213-403E-4AB2-8608-C93B605B1A47}.Release|x64.Build.0 = Release|x64
		{8ADC4213-403E-4AB2-8608-C93B605B1A47}.Release|x86.ActiveCfg = Release|Win32
		{8ADC4213-403E-4AB2-8608-C93B605B1A47}.Release|x86.Build.0 = Release|Win32
		{89C507D4-4D6F-4574-BB89-AAE5DFE75D0F}.Debug|x64.ActiveCfg = Debug|x64
		{89C507D4-4D6F-4574-BB89-AAE5DFE75D0F}.Debug|x64.Build.0 = Debug|x64
		{89C507D4-4D6F-4574-BB89-AAE5DFE75D0F}.Debug|x86.ActiveCfg = Debug|Win32
		{89C507D4-4D6F-4574-BB89-AAE5DFE75D0F}.Debug|x86.Build.0 = Debug|Win32
		{89C507D4-4D6F-4574-BB89-AAE5DFE75D0F}.Release|x64.ActiveCfg = Release|x64
		{89C507D4-4D6F-4574-BB89-AAE5DFE75D0F}.Release|x64.Build.0 = Release|x64
		{89C507D4-4D6F-4574-BB89-AAE5DFE75D0F}.Release|x86.ActiveCfg = Release|Win32
		{89C507D4-4D6F-4574-BB89-AAE5DFE75D0F}.Release|x86.Build.0 = Release|Win32
	EndGlobalSection
	GlobalSection(SolutionProperties) = preSolution
		HideSolutionNode = FALSE
	EndGlobalSection
	GlobalSection(ExtensibilityGlobals) = postSolution
		SolutionGuid = {0E0D5AF1-7D0C-45EC-BCB0-973D1CE0C7B4}
	EndGlobalSection
EndGlobal
