<?xml version="1.0" encoding="utf-8"?>
<Project ToolsVersion="4.0" xmlns="http://schemas.microsoft.com/developer/msbuild/2003">
  <ItemGroup>
    <Filter Include="소스 파일">
      <UniqueIdentifier>{4FC737F1-C7A5-4376-A066-2A32D752A2FF}</UniqueIdentifier>
      <Extensions>cpp;c;cc;cxx;c++;cppm;ixx;def;odl;idl;hpj;bat;asm;asmx</Extensions>
    </Filter>
    <Filter Include="헤더 파일">
      <UniqueIdentifier>{93995380-89BD-4b04-88EB-625FBE52EBFB}</UniqueIdentifier>
      <Extensions>h;hh;hpp;hxx;h++;hm;inl;inc;ipp;xsd</Extensions>
    </Filter>
    <Filter Include="리소스 파일">
      <UniqueIdentifier>{67DA6AB6-F800-4c08-8B7A-83BB121AAD01}</UniqueIdentifier>
      <Extensions>rc;ico;cur;bmp;dlg;rc2;rct;bin;rgs;gif;jpg;jpeg;jpe;resx;tiff;tif;png;wav;mfcribbon-ms</Extensions>
    </Filter>
    <Filter Include="DirectX">
      <UniqueIdentifier>{5963ceb3-e167-4419-b013-cf3532711213}</UniqueIdentifier>
    </Filter>
    <Filter Include="Manager">
      <UniqueIdentifier>{c2002175-9e44-4788-98e8-f82baf182904}</UniqueIdentifier>
    </Filter>
    <Filter Include="Math">
      <UniqueIdentifier>{d42a8f19-ab84-470a-ad17-217bb35dbfe5}</UniqueIdentifier>
    </Filter>
    <Filter Include="Utility">
      <UniqueIdentifier>{1961ff41-a63b-49a0-8f6a-054b7e291cc2}</UniqueIdentifier>
    </Filter>
    <Filter Include="Camera">
      <UniqueIdentifier>{3d195819-1edb-4d46-a78c-dc69c46bb386}</UniqueIdentifier>
    </Filter>
    <Filter Include="Object">
      <UniqueIdentifier>{00bd1677-1fe5-4315-838d-e13dbce9afdd}</UniqueIdentifier>
    </Filter>
    <Filter Include="FBX">
      <UniqueIdentifier>{7a0f0b94-e9f1-4707-8855-e6408f4b55ae}</UniqueIdentifier>
    </Filter>
  </ItemGroup>
  <ItemGroup>
    <ClInclude Include="GameWindow.h">
      <Filter>헤더 파일</Filter>
    </ClInclude>
    <ClInclude Include="Device.h">
      <Filter>DirectX</Filter>
    </ClInclude>
    <ClInclude Include="DxState.h">
      <Filter>DirectX</Filter>
    </ClInclude>
    <ClInclude Include="Shader.h">
      <Filter>DirectX</Filter>
    </ClInclude>
    <ClInclude Include="Texture.h">
      <Filter>DirectX</Filter>
    </ClInclude>
    <ClInclude Include="Writer.h">
      <Filter>DirectX</Filter>
    </ClInclude>
    <ClInclude Include="ShaderManager.h">
      <Filter>Manager</Filter>
    </ClInclude>
    <ClInclude Include="TextureManager.h">
      <Filter>Manager</Filter>
    </ClInclude>
    <ClInclude Include="MathLib.h">
      <Filter>Math</Filter>
    </ClInclude>
    <ClInclude Include="SoundManager.h">
      <Filter>Manager</Filter>
    </ClInclude>
    <ClInclude Include="Input.h">
      <Filter>Utility</Filter>
    </ClInclude>
    <ClInclude Include="ReSUtility.h">
      <Filter>Utility</Filter>
    </ClInclude>
    <ClInclude Include="GameSound.h">
      <Filter>Utility</Filter>
    </ClInclude>
    <ClInclude Include="Timer.h">
      <Filter>Utility</Filter>
    </ClInclude>
    <ClInclude Include="DefaultCamera.h">
      <Filter>Camera</Filter>
    </ClInclude>
    <ClInclude Include="Camera2D.h">
      <Filter>Camera</Filter>
    </ClInclude>
    <ClInclude Include="Camera3D.h">
      <Filter>Camera</Filter>
    </ClInclude>
    <ClInclude Include="DebugCamera.h">
      <Filter>Camera</Filter>
    </ClInclude>
    <ClInclude Include="Collision.h">
      <Filter>Math</Filter>
    </ClInclude>
    <ClInclude Include="Frustum.h">
      <Filter>Math</Filter>
    </ClInclude>
    <ClInclude Include="ObjectMesh.h">
      <Filter>Object</Filter>
    </ClInclude>
    <ClInclude Include="BaseObject.h">
      <Filter>Object</Filter>
    </ClInclude>
    <ClInclude Include="GameCore.h">
      <Filter>헤더 파일</Filter>
    </ClInclude>
    <ClInclude Include="RenderToTexture.h">
      <Filter>헤더 파일</Filter>
    </ClInclude>
    <ClInclude Include="Object2D.h">
      <Filter>Object</Filter>
    </ClInclude>
    <ClInclude Include="Object3D.h">
      <Filter>Object</Filter>
    </ClInclude>
    <ClInclude Include="Character.h">
      <Filter>FBX</Filter>
    </ClInclude>
    <ClInclude Include="FbxEntity.h">
      <Filter>FBX</Filter>
    </ClInclude>
    <ClInclude Include="FbxObjMesh.h">
      <Filter>FBX</Filter>
    </ClInclude>
    <ClInclude Include="FbxSceneLoader.h">
      <Filter>FBX</Filter>
    </ClInclude>
    <ClInclude Include="Picking.h">
      <Filter>Utility</Filter>
    </ClInclude>
    <ClInclude Include="GameMap.h">
      <Filter>Object</Filter>
    </ClInclude>
    <ClInclude Include="Node.h">
      <Filter>헤더 파일</Filter>
    </ClInclude>
    <ClInclude Include="QuadTree.h">
      <Filter>헤더 파일</Filter>
    </ClInclude>
    <ClInclude Include="HeightMap.h">
      <Filter>헤더 파일</Filter>
    </ClInclude>
  </ItemGroup>
  <ItemGroup>
    <ClCompile Include="GameWindow.cpp">
      <Filter>소스 파일</Filter>
    </ClCompile>
    <ClCompile Include="Device.cpp">
      <Filter>DirectX</Filter>
    </ClCompile>
    <ClCompile Include="DxState.cpp">
      <Filter>DirectX</Filter>
    </ClCompile>
    <ClCompile Include="Shader.cpp">
      <Filter>DirectX</Filter>
    </ClCompile>
    <ClCompile Include="Texture.cpp">
      <Filter>DirectX</Filter>
    </ClCompile>
    <ClCompile Include="Writer.cpp">
      <Filter>DirectX</Filter>
    </ClCompile>
    <ClCompile Include="ShaderManager.cpp">
      <Filter>Manager</Filter>
    </ClCompile>
    <ClCompile Include="TextureManager.cpp">
      <Filter>Manager</Filter>
    </ClCompile>
    <ClCompile Include="MathLib.cpp">
      <Filter>Math</Filter>
    </ClCompile>
    <ClCompile Include="SoundManager.cpp">
      <Filter>Manager</Filter>
    </ClCompile>
    <ClCompile Include="Input.cpp">
      <Filter>Utility</Filter>
    </ClCompile>
    <ClCompile Include="GameSound.cpp">
      <Filter>Utility</Filter>
    </ClCompile>
    <ClCompile Include="Timer.cpp">
      <Filter>Utility</Filter>
    </ClCompile>
    <ClCompile Include="DefaultCamera.cpp">
      <Filter>Camera</Filter>
    </ClCompile>
    <ClCompile Include="Camera2D.cpp">
      <Filter>Camera</Filter>
    </ClCompile>
    <ClCompile Include="Camera3D.cpp">
      <Filter>Camera</Filter>
    </ClCompile>
    <ClCompile Include="DebugCamera.cpp">
      <Filter>Camera</Filter>
    </ClCompile>
    <ClCompile Include="Collision.cpp">
      <Filter>Math</Filter>
    </ClCompile>
    <ClCompile Include="Frustum.cpp">
      <Filter>Math</Filter>
    </ClCompile>
    <ClCompile Include="ObjectMesh.cpp">
      <Filter>Object</Filter>
    </ClCompile>
    <ClCompile Include="BaseObject.cpp">
      <Filter>Object</Filter>
    </ClCompile>
    <ClCompile Include="GameCore.cpp">
      <Filter>소스 파일</Filter>
    </ClCompile>
    <ClCompile Include="RenderToTexture.cpp">
      <Filter>소스 파일</Filter>
    </ClCompile>
    <ClCompile Include="Object2D.cpp">
      <Filter>Object</Filter>
    </ClCompile>
    <ClCompile Include="Object3D.cpp">
      <Filter>Object</Filter>
    </ClCompile>
    <ClCompile Include="FbxSceneLoader.cpp">
      <Filter>FBX</Filter>
    </ClCompile>
    <ClCompile Include="FbxObjMesh.cpp">
      <Filter>FBX</Filter>
    </ClCompile>
    <ClCompile Include="FbxEntity.cpp">
      <Filter>FBX</Filter>
    </ClCompile>
    <ClCompile Include="Character.cpp">
      <Filter>FBX</Filter>
    </ClCompile>
    <ClCompile Include="Picking.cpp">
      <Filter>Utility</Filter>
    </ClCompile>
    <ClCompile Include="GameMap.cpp">
      <Filter>Object</Filter>
    </ClCompile>
    <ClCompile Include="Node.cpp">
      <Filter>소스 파일</Filter>
    </ClCompile>
    <ClCompile Include="QuadTree.cpp">
      <Filter>소스 파일</Filter>
    </ClCompile>
    <ClCompile Include="HeightMap.cpp">
      <Filter>소스 파일</Filter>
    </ClCompile>
  </ItemGroup>
</Project>